{
  "originHash" : "918008e942b405aa0e22086e3576a3bcf148cfefe1023699f066b76c4b05e2f0",
  "pins" : [
    {
      "identity" : "kmp-nativecoroutines",
      "kind" : "remoteSourceControl",
      "location" : "https://github.com/rickclephas/KMP-NativeCoroutines",
      "state" : {
        "revision" : "fce8c8d25b874b2038be81bb3ba5cc51af1a976f",
        "version" : "1.0.2"
      }
    },
    {
      "identity" : "rxswift",
      "kind" : "remoteSourceControl",
      "location" : "https://github.com/ReactiveX/RxSwift.git",
      "state" : {
        "revision" : "132aea4f236ccadc51590b38af0357a331d51fa2",
        "version" : "6.10.2"
      }
    }
  ],
  "version" : 3
}
